// !$*UTF8*$!
{
	archiveVersion = 1;
	classes = {
	};
	objectVersion = 56;
	objects = {

/* Begin PBXBuildFile section */
		FFC0D28D2B32FA330038F0F6 /* WeatherDemoApp.swift in Sources */ = {isa = PBXBuildFile; fileRef = FFC0D28C2B32FA330038F0F6 /* WeatherDemoApp.swift */; };
		FFC0D28F2B32FA330038F0F6 /* ContentView.swift in Sources */ = {isa = PBXBuildFile; fileRef = FFC0D28E2B32FA330038F0F6 /* ContentView.swift */; };
		FFC0D2912B32FA340038F0F6 /* Assets.xcassets in Resources */ = {isa = PBXBuildFile; fileRef = FFC0D2902B32FA340038F0F6 /* Assets.xcassets */; };
		FFC0D2952B32FA340038F0F6 /* Preview Assets.xcassets in Resources */ = {isa = PBXBuildFile; fileRef = FFC0D2942B32FA340038F0F6 /* Preview Assets.xcassets */; };
		FFC0D29F2B32FA340038F0F6 /* WeatherDemoTests.swift in Sources */ = {isa = PBXBuildFile; fileRef = FFC0D29E2B32FA340038F0F6 /* WeatherDemoTests.swift */; };
		FFC0D2A92B32FA340038F0F6 /* WeatherDemoUITests.swift in Sources */ = {isa = PBXBuildFile; fileRef = FFC0D2A82B32FA340038F0F6 /* WeatherDemoUITests.swift */; };
		FFC0D2AB2B32FA340038F0F6 /* WeatherDemoUITestsLaunchTests.swift in Sources */ = {isa = PBXBuildFile; fileRef = FFC0D2AA2B32FA340038F0F6 /* WeatherDemoUITestsLaunchTests.swift */; };
/* End PBXBuildFile section */

/* Begin PBXContainerItemProxy section */
		FFC0D29B2B32FA340038F0F6 /* PBXContainerItemProxy */ = {
			isa = PBXContainerItemProxy;
			containerPortal = FFC0D2812B32FA330038F0F6 /* Project object */;
			proxyType = 1;
			remoteGlobalIDString = FFC0D2882B32FA330038F0F6;
			remoteInfo = WeatherDemo;
		};
		FFC0D2A52B32FA340038F0F6 /* PBXContainerItemProxy */ = {
			isa = PBXContainerItemProxy;
			containerPortal = FFC0D2812B32FA330038F0F6 /* Project object */;
			proxyType = 1;
			remoteGlobalIDString = FFC0D2882B32FA330038F0F6;
			remoteInfo = WeatherDemo;
		};
/* End PBXContainerItemProxy section */

/* Begin PBXFileReference section */
		FFC0D2892B32FA330038F0F6 /* WeatherDemo.app */ = {isa = PBXFileReference; explicitFileType = wrapper.application; includeInIndex = 0; path = WeatherDemo.app; sourceTree = BUILT_PRODUCTS_DIR; };
		FFC0D28C2B32FA330038F0F6 /* WeatherDemoApp.swift */ = {isa = PBXFileReference; lastKnownFileType = sourcecode.swift; path = WeatherDemoApp.swift; sourceTree = "<group>"; };
		FFC0D28E2B32FA330038F0F6 /* ContentView.swift */ = {isa = PBXFileReference; lastKnownFileType = sourcecode.swift; path = ContentView.swift; sourceTree = "<group>"; };
		FFC0D2902B32FA340038F0F6 /* Assets.xcassets */ = {isa = PBXFileReference; lastKnownFileType = folder.assetcatalog; path = Assets.xcassets; sourceTree = "<group>"; };
		FFC0D2922B32FA340038F0F6 /* WeatherDemo.entitlements */ = {isa = PBXFileReference; lastKnownFileType = text.plist.entitlements; path = WeatherDemo.entitlements; sourceTree = "<group>"; };
		FFC0D2942B32FA340038F0F6 /* Preview Assets.xcassets */ = {isa = PBXFileReference; lastKnownFileType = folder.assetcatalog; path = "Preview Assets.xcassets"; sourceTree = "<group>"; };
		FFC0D29A2B32FA340038F0F6 /* WeatherDemoTests.xctest */ = {isa = PBXFileReference; explicitFileType = wrapper.cfbundle; includeInIndex = 0; path = WeatherDemoTests.xctest; sourceTree = BUILT_PRODUCTS_DIR; };
		FFC0D29E2B32FA340038F0F6 /* WeatherDemoTests.swift */ = {isa = PBXFileReference; lastKnownFileType = sourcecode.swift; path = WeatherDemoTests.swift; sourceTree = "<group>"; };
		FFC0D2A42B32FA340038F0F6 /* WeatherDemoUITests.xctest */ = {isa = PBXFileReference; explicitFileType = wrapper.cfbundle; includeInIndex = 0; path = WeatherDemoUITests.xctest; sourceTree = BUILT_PRODUCTS_DIR; };
		FFC0D2A82B32FA340038F0F6 /* WeatherDemoUITests.swift */ = {isa = PBXFileReference; lastKnownFileType = sourcecode.swift; path = WeatherDemoUITests.swift; sourceTree = "<group>"; };
		FFC0D2AA2B32FA340038F0F6 /* WeatherDemoUITestsLaunchTests.swift */ = {isa = PBXFileReference; lastKnownFileType = sourcecode.swift; path = WeatherDemoUITestsLaunchTests.swift; sourceTree = "<group>"; };
/* End PBXFileReference section */

/* Begin PBXFrameworksBuildPhase section */
		FFC0D2862B32FA330038F0F6 /* Frameworks */ = {
			isa = PBXFrameworksBuildPhase;
			buildActionMask = 2147483647;
			files = (
			);
			runOnlyForDeploymentPostprocessing = 0;
		};
		FFC0D2972B32FA340038F0F6 /* Frameworks */ = {
			isa = PBXFrameworksBuildPhase;
			buildActionMask = 2147483647;
			files = (
			);
			runOnlyForDeploymentPostprocessing = 0;
		};
		FFC0D2A12B32FA340038F0F6 /* Frameworks */ = {
			isa = PBXFrameworksBuildPhase;
			buildActionMask = 2147483647;
			files = (
			);
			runOnlyForDeploymentPostprocessing = 0;
		};
/* End PBXFrameworksBuildPhase section */

/* Begin PBXGroup section */
		FFC0D2802B32FA330038F0F6 = {
			isa = PBXGroup;
			children = (
				FFC0D28B2B32FA330038F0F6 /* WeatherDemo */,
				FFC0D29D2B32FA340038F0F6 /* WeatherDemoTests */,
				FFC0D2A72B32FA340038F0F6 /* WeatherDemoUITests */,
				FFC0D28A2B32FA330038F0F6 /* Products */,
			);
			sourceTree = "<group>";
		};
		FFC0D28A2B32FA330038F0F6 /* Products */ = {
			isa = PBXGroup;
			children = (
				FFC0D2892B32FA330038F0F6 /* WeatherDemo.app */,
				FFC0D29A2B32FA340038F0F6 /* WeatherDemoTests.xctest */,
				FFC0D2A42B32FA340038F0F6 /* WeatherDemoUITests.xctest */,
			);
			name = Products;
			sourceTree = "<group>";
		};
		FFC0D28B2B32FA330038F0F6 /* WeatherDemo */ = {
			isa = PBXGroup;
			children = (
				FFC0D28C2B32FA330038F0F6 /* WeatherDemoApp.swift */,
				FFC0D28E2B32FA330038F0F6 /* ContentView.swift */,
				FFC0D2902B32FA340038F0F6 /* Assets.xcassets */,
				FFC0D2922B32FA340038F0F6 /* WeatherDemo.entitlements */,
				FFC0D2932B32FA340038F0F6 /* Preview Content */,
			);
			path = WeatherDemo;
			sourceTree = "<group>";
		};
		FFC0D2932B32FA340038F0F6 /* Preview Content */ = {
			isa = PBXGroup;
			children = (
				FFC0D2942B32FA340038F0F6 /* Preview Assets.xcassets */,
			);
			path = "Preview Content";
			sourceTree = "<group>";
		};
		FFC0D29D2B32FA340038F0F6 /* WeatherDemoTests */ = {
			isa = PBXGroup;
			children = (
				FFC0D29E2B32FA340038F0F6 /* WeatherDemoTests.swift */,
			);
			path = WeatherDemoTests;
			sourceTree = "<group>";
		};
		FFC0D2A72B32FA340038F0F6 /* WeatherDemoUITests */ = {
			isa = PBXGroup;
			children = (
				FFC0D2A82B32FA340038F0F6 /* WeatherDemoUITests.swift */,
				FFC0D2AA2B32FA340038F0F6 /* WeatherDemoUITestsLaunchTests.swift */,
			);
			path = WeatherDemoUITests;
			sourceTree = "<group>";
		};
/* End PBXGroup section */

/* Begin PBXNativeTarget section */
		FFC0D2882B32FA330038F0F6 /* WeatherDemo */ = {
			isa = PBXNativeTarget;
			buildConfigurationList = FFC0D2AE2B32FA340038F0F6 /* Build configuration list for PBXNativeTarget "WeatherDemo" */;
			buildPhases = (
				FFC0D2852B32FA330038F0F6 /* Sources */,
				FFC0D2862B32FA330038F0F6 /* Frameworks */,
				FFC0D2872B32FA330038F0F6 /* Resources */,
			);
			buildRules = (
			);
			dependencies = (
			);
			name = WeatherDemo;
			productName = WeatherDemo;
			productReference = FFC0D2892B32FA330038F0F6 /* WeatherDemo.app */;
			productType = "com.apple.product-type.application";
		};
		FFC0D2992B32FA340038F0F6 /* WeatherDemoTests */ = {
			isa = PBXNativeTarget;
			buildConfigurationList = FFC0D2B12B32FA340038F0F6 /* Build configuration list for PBXNativeTarget "WeatherDemoTests" */;
			buildPhases = (
				FFC0D2962B32FA340038F0F6 /* Sources */,
				FFC0D2972B32FA340038F0F6 /* Frameworks */,
				FFC0D2982B32FA340038F0F6 /* Resources */,
			);
			buildRules = (
			);
			dependencies = (
				FFC0D29C2B32FA340038F0F6 /* PBXTargetDependency */,
			);
			name = WeatherDemoTests;
			productName = WeatherDemoTests;
			productReference = FFC0D29A2B32FA340038F0F6 /* WeatherDemoTests.xctest */;
			productType = "com.apple.product-type.bundle.unit-test";
		};
		FFC0D2A32B32FA340038F0F6 /* WeatherDemoUITests */ = {
			isa = PBXNativeTarget;
			buildConfigurationList = FFC0D2B42B32FA340038F0F6 /* Build configuration list for PBXNativeTarget "WeatherDemoUITests" */;
			buildPhases = (
				FFC0D2A02B32FA340038F0F6 /* Sources */,
				FFC0D2A12B32FA340038F0F6 /* Frameworks */,
				FFC0D2A22B32FA340038F0F6 /* Resources */,
			);
			buildRules = (
			);
			dependencies = (
				FFC0D2A62B32FA340038F0F6 /* PBXTargetDependency */,
			);
			name = WeatherDemoUITests;
			productName = WeatherDemoUITests;
			productReference = FFC0D2A42B32FA340038F0F6 /* WeatherDemoUITests.xctest */;
			productType = "com.apple.product-type.bundle.ui-testing";
		};
/* End PBXNativeTarget section */

/* Begin PBXProject section */
		FFC0D2812B32FA330038F0F6 /* Project object */ = {
			isa = PBXProject;
			attributes = {
				BuildIndependentTargetsInParallel = 1;
				LastSwiftUpdateCheck = 1500;
				LastUpgradeCheck = 1500;
				TargetAttributes = {
					FFC0D2882B32FA330038F0F6 = {
						CreatedOnToolsVersion = 15.0.1;
					};
					FFC0D2992B32FA340038F0F6 = {
						CreatedOnToolsVersion = 15.0.1;
						TestTargetID = FFC0D2882B32FA330038F0F6;
					};
					FFC0D2A32B32FA340038F0F6 = {
						CreatedOnToolsVersion = 15.0.1;
						TestTargetID = FFC0D2882B32FA330038F0F6;
					};
				};
			};
			buildConfigurationList = FFC0D2842B32FA330038F0F6 /* Build configuration list for PBXProject "WeatherDemo" */;
			compatibilityVersion = "Xcode 14.0";
			developmentRegion = en;
			hasScannedForEncodings = 0;
			knownRegions = (
				en,
				Base,
			);
			mainGroup = FFC0D2802B32FA330038F0F6;
			productRefGroup = FFC0D28A2B32FA330038F0F6 /* Products */;
			projectDirPath = "";
			projectRoot = "";
			targets = (
				FFC0D2882B32FA330038F0F6 /* WeatherDemo */,
				FFC0D2992B32FA340038F0F6 /* WeatherDemoTests */,
				FFC0D2A32B32FA340038F0F6 /* WeatherDemoUITests */,
			);
		};
/* End PBXProject section */

/* Begin PBXResourcesBuildPhase section */
		FFC0D2872B32FA330038F0F6 /* Resources */ = {
			isa = PBXResourcesBuildPhase;
			buildActionMask = 2147483647;
			files = (
				FFC0D2952B32FA340038F0F6 /* Preview Assets.xcassets in Resources */,
				FFC0D2912B32FA340038F0F6 /* Assets.xcassets in Resources */,
			);
			runOnlyForDeploymentPostprocessing = 0;
		};
		FFC0D2982B32FA340038F0F6 /* Resources */ = {
			isa = PBXResourcesBuildPhase;
			buildActionMask = 2147483647;
			files = (
			);
			runOnlyForDeploymentPostprocessing = 0;
		};
		FFC0D2A22B32FA340038F0F6 /* Resources */ = {
			isa = PBXResourcesBuildPhase;
			buildActionMask = 2147483647;
			files = (
			);
			runOnlyForDeploymentPostprocessing = 0;
		};
/* End PBXResourcesBuildPhase section */

/* Begin PBXSourcesBuildPhase section */
		FFC0D2852B32FA330038F0F6 /* Sources */ = {
			isa = PBXSourcesBuildPhase;
			buildActionMask = 2147483647;
			files = (
				FFC0D28F2B32FA330038F0F6 /* ContentView.swift in Sources */,
				FFC0D28D2B32FA330038F0F6 /* WeatherDemoApp.swift in Sources */,
			);
			runOnlyForDeploymentPostprocessing = 0;
		};
		FFC0D2962B32FA340038F0F6 /* Sources */ = {
			isa = PBXSourcesBuildPhase;
			buildActionMask = 2147483647;
			files = (
				FFC0D29F2B32FA340038F0F6 /* WeatherDemoTests.swift in Sources */,
			);
			runOnlyForDeploymentPostprocessing = 0;
		};
		FFC0D2A02B32FA340038F0F6 /* Sources */ = {
			isa = PBXSourcesBuildPhase;
			buildActionMask = 2147483647;
			files = (
				FFC0D2AB2B32FA340038F0F6 /* WeatherDemoUITestsLaunchTests.swift in Sources */,
				FFC0D2A92B32FA340038F0F6 /* WeatherDemoUITests.swift in Sources */,
			);
			runOnlyForDeploymentPostprocessing = 0;
		};
/* End PBXSourcesBuildPhase section */

/* Begin PBXTargetDependency section */
		FFC0D29C2B32FA340038F0F6 /* PBXTargetDependency */ = {
			isa = PBXTargetDependency;
			target = FFC0D2882B32FA330038F0F6 /* WeatherDemo */;
			targetProxy = FFC0D29B2B32FA340038F0F6 /* PBXContainerItemProxy */;
		};
		FFC0D2A62B32FA340038F0F6 /* PBXTargetDependency */ = {
			isa = PBXTargetDependency;
			target = FFC0D2882B32FA330038F0F6 /* WeatherDemo */;
			targetProxy = FFC0D2A52B32FA340038F0F6 /* PBXContainerItemProxy */;
		};
/* End PBXTargetDependency section */

/* Begin XCBuildConfiguration section */
		FFC0D2AC2B32FA340038F0F6 /* Debug */ = {
			isa = XCBuildConfiguration;
			buildSettings = {
				ALWAYS_SEARCH_USER_PATHS = NO;
				ASSETCATALOG_COMPILER_GENERATE_SWIFT_ASSET_SYMBOL_EXTENSIONS = YES;
				CLANG_ANALYZER_NONNULL = YES;
				CLANG_ANALYZER_NUMBER_OBJECT_CONVERSION = YES_AGGRESSIVE;
				CLANG_CXX_LANGUAGE_STANDARD = "gnu++20";
				CLANG_ENABLE_MODULES = YES;
				CLANG_ENABLE_OBJC_ARC = YES;
				CLANG_ENABLE_OBJC_WEAK = YES;
				CLANG_WARN_BLOCK_CAPTURE_AUTORELEASING = YES;
				CLANG_WARN_BOOL_CONVERSION = YES;
				CLANG_WARN_COMMA = YES;
				CLANG_WARN_CONSTANT_CONVERSION = YES;
				CLANG_WARN_DEPRECATED_OBJC_IMPLEMENTATIONS = YES;
				CLANG_WARN_DIRECT_OBJC_ISA_USAGE = YES_ERROR;
				CLANG_WARN_DOCUMENTATION_COMMENTS = YES;
				CLANG_WARN_EMPTY_BODY = YES;
				CLANG_WARN_ENUM_CONVERSION = YES;
				CLANG_WARN_INFINITE_RECURSION = YES;
				CLANG_WARN_INT_CONVERSION = YES;
				CLANG_WARN_NON_LITERAL_NULL_CONVERSION = YES;
				CLANG_WARN_OBJC_IMPLICIT_RETAIN_SELF = YES;
				CLANG_WARN_OBJC_LITERAL_CONVERSION = YES;
				CLANG_WARN_OBJC_ROOT_CLASS = YES_ERROR;
				CLANG_WARN_QUOTED_INCLUDE_IN_FRAMEWORK_HEADER = YES;
				CLANG_WARN_RANGE_LOOP_ANALYSIS = YES;
				CLANG_WARN_STRICT_PROTOTYPES = YES;
				CLANG_WARN_SUSPICIOUS_MOVE = YES;
				CLANG_WARN_UNGUARDED_AVAILABILITY = YES_AGGRESSIVE;
				CLANG_WARN_UNREACHABLE_CODE = YES;
				CLANG_WARN__DUPLICATE_METHOD_MATCH = YES;
				COPY_PHASE_STRIP = NO;
				DEBUG_INFORMATION_FORMAT = dwarf;
				ENABLE_STRICT_OBJC_MSGSEND = YES;
				ENABLE_TESTABILITY = YES;
				ENABLE_USER_SCRIPT_SANDBOXING = YES;
				GCC_C_LANGUAGE_STANDARD = gnu17;
				GCC_DYNAMIC_NO_PIC = NO;
				GCC_NO_COMMON_BLOCKS = YES;
				GCC_OPTIMIZATION_LEVEL = 0;
				GCC_PREPROCESSOR_DEFINITIONS = (
					"DEBUG=1",
					"$(inherited)",
				);
				GCC_WARN_64_TO_32_BIT_CONVERSION = YES;
				GCC_WARN_ABOUT_RETURN_TYPE = YES_ERROR;
				GCC_WARN_UNDECLARED_SELECTOR = YES;
				GCC_WARN_UNINITIALIZED_AUTOS = YES_AGGRESSIVE;
				GCC_WARN_UNUSED_FUNCTION = YES;
				GCC_WARN_UNUSED_VARIABLE = YES;
				LOCALIZATION_PREFERS_STRING_CATALOGS = YES;
				MTL_ENABLE_DEBUG_INFO = INCLUDE_SOURCE;
				MTL_FAST_MATH = YES;
				ONLY_ACTIVE_ARCH = YES;
				SWIFT_ACTIVE_COMPILATION_CONDITIONS = "DEBUG $(inherited)";
				SWIFT_OPTIMIZATION_LEVEL = "-Onone";
			};
			name = Debug;
		};
		FFC0D2AD2B32FA340038F0F6 /* Release */ = {
			isa = XCBuildConfiguration;
			buildSettings = {
				ALWAYS_SEARCH_USER_PATHS = NO;
				ASSETCATALOG_COMPILER_GENERATE_SWIFT_ASSET_SYMBOL_EXTENSIONS = YES;
				CLANG_ANALYZER_NONNULL = YES;
				CLANG_ANALYZER_NUMBER_OBJECT_CONVERSION = YES_AGGRESSIVE;
				CLANG_CXX_LANGUAGE_STANDARD = "gnu++20";
				CLANG_ENABLE_MODULES = YES;
				CLANG_ENABLE_OBJC_ARC = YES;
				CLANG_ENABLE_OBJC_WEAK = YES;
				CLANG_WARN_BLOCK_CAPTURE_AUTORELEASING = YES;
				CLANG_WARN_BOOL_CONVERSION = YES;
				CLANG_WARN_COMMA = YES;
				CLANG_WARN_CONSTANT_CONVERSION = YES;
				CLANG_WARN_DEPRECATED_OBJC_IMPLEMENTATIONS = YES;
				CLANG_WARN_DIRECT_OBJC_ISA_USAGE = YES_ERROR;
				CLANG_WARN_DOCUMENTATION_COMMENTS = YES;
				CLANG_WARN_EMPTY_BODY = YES;
				CLANG_WARN_ENUM_CONVERSION = YES;
				CLANG_WARN_INFINITE_RECURSION = YES;
				CLANG_WARN_INT_CONVERSION = YES;
				CLANG_WARN_NON_LITERAL_NULL_CONVERSION = YES;
				CLANG_WARN_OBJC_IMPLICIT_RETAIN_SELF = YES;
				CLANG_WARN_OBJC_LITERAL_CONVERSION = YES;
				CLANG_WARN_OBJC_ROOT_CLASS = YES_ERROR;
				CLANG_WARN_QUOTED_INCLUDE_IN_FRAMEWORK_HEADER = YES;
				CLANG_WARN_RANGE_LOOP_ANALYSIS = YES;
				CLANG_WARN_STRICT_PROTOTYPES = YES;
				CLANG_WARN_SUSPICIOUS_MOVE = YES;
				CLANG_WARN_UNGUARDED_AVAILABILITY = YES_AGGRESSIVE;
				CLANG_WARN_UNREACHABLE_CODE = YES;
				CLANG_WARN__DUPLICATE_METHOD_MATCH = YES;
				COPY_PHASE_STRIP = NO;
				DEBUG_INFORMATION_FORMAT = "dwarf-with-dsym";
				ENABLE_NS_ASSERTIONS = NO;
				ENABLE_STRICT_OBJC_MSGSEND = YES;
				ENABLE_USER_SCRIPT_SANDBOXING = YES;
				GCC_C_LANGUAGE_STANDARD = gnu17;
				GCC_NO_COMMON_BLOCKS = YES;
				GCC_WARN_64_TO_32_BIT_CONVERSION = YES;
				GCC_WARN_ABOUT_RETURN_TYPE = YES_ERROR;
				GCC_WARN_UNDECLARED_SELECTOR = YES;
				GCC_WARN_UNINITIALIZED_AUTOS = YES_AGGRESSIVE;
				GCC_WARN_UNUSED_FUNCTION = YES;
				GCC_WARN_UNUSED_VARIABLE = YES;
				LOCALIZATION_PREFERS_STRING_CATALOGS = YES;
				MTL_ENABLE_DEBUG_INFO = NO;
				MTL_FAST_MATH = YES;
				SWIFT_COMPILATION_MODE = wholemodule;
			};
			name = Release;
		};
		FFC0D2AF2B32FA340038F0F6 /* Debug */ = {
			isa = XCBuildConfiguration;
			buildSettings = {
				ASSETCATALOG_COMPILER_APPICON_NAME = AppIcon;
				ASSETCATALOG_COMPILER_GLOBAL_ACCENT_COLOR_NAME = AccentColor;
				CODE_SIGN_ENTITLEMENTS = WeatherDemo/WeatherDemo.entitlements;
				CODE_SIGN_STYLE = Automatic;
				CURRENT_PROJECT_VERSION = 1;
				DEVELOPMENT_ASSET_PATHS = "\"WeatherDemo/Preview Content\"";
				ENABLE_PREVIEWS = YES;
				GENERATE_INFOPLIST_FILE = YES;
				"INFOPLIST_KEY_UIApplicationSceneManifest_Generation[sdk=iphoneos*]" = YES;
				"INFOPLIST_KEY_UIApplicationSceneManifest_Generation[sdk=iphonesimulator*]" = YES;
				"INFOPLIST_KEY_UIApplicationSupportsIndirectInputEvents[sdk=iphoneos*]" = YES;
				"INFOPLIST_KEY_UIApplicationSupportsIndirectInputEvents[sdk=iphonesimulator*]" = YES;
				"INFOPLIST_KEY_UILaunchScreen_Generation[sdk=iphoneos*]" = YES;
				"INFOPLIST_KEY_UILaunchScreen_Generation[sdk=iphonesimulator*]" = YES;
				"INFOPLIST_KEY_UIStatusBarStyle[sdk=iphoneos*]" = UIStatusBarStyleDefault;
				"INFOPLIST_KEY_UIStatusBarStyle[sdk=iphonesimulator*]" = UIStatusBarStyleDefault;
				INFOPLIST_KEY_UISupportedInterfaceOrientations_iPad = "UIInterfaceOrientationPortrait UIInterfaceOrientationPortraitUpsideDown UIInterfaceOrientationLandscapeLeft UIInterfaceOrientationLandscapeRight";
				INFOPLIST_KEY_UISupportedInterfaceOrientations_iPhone = "UIInterfaceOrientationPortrait UIInterfaceOrientationLandscapeLeft UIInterfaceOrientationLandscapeRight";
				IPHONEOS_DEPLOYMENT_TARGET = 17.0;
				LD_RUNPATH_SEARCH_PATHS = "@executable_path/Frameworks";
				"LD_RUNPATH_SEARCH_PATHS[sdk=macosx*]" = "@executable_path/../Frameworks";
				MACOSX_DEPLOYMENT_TARGET = 14.0;
				MARKETING_VERSION = 1.0;
				PRODUCT_BUNDLE_IDENTIFIER = azamovhudstc.WeatherDemo;
				PRODUCT_NAME = "$(TARGET_NAME)";
				SDKROOT = auto;
				SUPPORTED_PLATFORMS = "iphoneos iphonesimulator macosx";
				SWIFT_EMIT_LOC_STRINGS = YES;
				SWIFT_VERSION = 5.0;
				TARGETED_DEVICE_FAMILY = "1,2";
			};
			name = Debug;
		};
		FFC0D2B02B32FA340038F0F6 /* Release */ = {
			isa = XCBuildConfiguration;
			buildSettings = {
				ASSETCATALOG_COMPILER_APPICON_NAME = AppIcon;
				ASSETCATALOG_COMPILER_GLOBAL_ACCENT_COLOR_NAME = AccentColor;
				CODE_SIGN_ENTITLEMENTS = WeatherDemo/WeatherDemo.entitlements;
				CODE_SIGN_STYLE = Automatic;
				CURRENT_PROJECT_VERSION = 1;
				DEVELOPMENT_ASSET_PATHS = "\"WeatherDemo/Preview Content\"";
				ENABLE_PREVIEWS = YES;
				GENERATE_INFOPLIST_FILE = YES;
				"INFOPLIST_KEY_UIApplicationSceneManifest_Generation[sdk=iphoneos*]" = YES;
				"INFOPLIST_KEY_UIApplicationSceneManifest_Generation[sdk=iphonesimulator*]" = YES;
				"INFOPLIST_KEY_UIApplicationSupportsIndirectInputEvents[sdk=iphoneos*]" = YES;
				"INFOPLIST_KEY_UIApplicationSupportsIndirectInputEvents[sdk=iphonesimulator*]" = YES;
				"INFOPLIST_KEY_UILaunchScreen_Generation[sdk=iphoneos*]" = YES;
				"INFOPLIST_KEY_UILaunchScreen_Generation[sdk=iphonesimulator*]" = YES;
				"INFOPLIST_KEY_UIStatusBarStyle[sdk=iphoneos*]" = UIStatusBarStyleDefault;
				"INFOPLIST_KEY_UIStatusBarStyle[sdk=iphonesimulator*]" = UIStatusBarStyleDefault;
				INFOPLIST_KEY_UISupportedInterfaceOrientations_iPad = "UIInterfaceOrientationPortrait UIInterfaceOrientationPortraitUpsideDown UIInterfaceOrientationLandscapeLeft UIInterfaceOrientationLandscapeRight";
				INFOPLIST_KEY_UISupportedInterfaceOrientations_iPhone = "UIInterfaceOrientationPortrait UIInterfaceOrientationLandscapeLeft UIInterfaceOrientationLandscapeRight";
				IPHONEOS_DEPLOYMENT_TARGET = 17.0;
				LD_RUNPATH_SEARCH_PATHS = "@executable_path/Frameworks";
				"LD_RUNPATH_SEARCH_PATHS[sdk=macosx*]" = "@executable_path/../Frameworks";
				MACOSX_DEPLOYMENT_TARGET = 14.0;
				MARKETING_VERSION = 1.0;
				PRODUCT_BUNDLE_IDENTIFIER = azamovhudstc.WeatherDemo;
				PRODUCT_NAME = "$(TARGET_NAME)";
				SDKROOT = auto;
				SUPPORTED_PLATFORMS = "iphoneos iphonesimulator macosx";
				SWIFT_EMIT_LOC_STRINGS = YES;
				SWIFT_VERSION = 5.0;
				TARGETED_DEVICE_FAMILY = "1,2";
			};
			name = Release;
		};
		FFC0D2B22B32FA340038F0F6 /* Debug */ = {
			isa = XCBuildConfiguration;
			buildSettings = {
				ALWAYS_EMBED_SWIFT_STANDARD_LIBRARIES = YES;
				BUNDLE_LOADER = "$(TEST_HOST)";
				CODE_SIGN_STYLE = Automatic;
				CURRENT_PROJECT_VERSION = 1;
				GENERATE_INFOPLIST_FILE = YES;
				IPHONEOS_DEPLOYMENT_TARGET = 17.0;
				MACOSX_DEPLOYMENT_TARGET = 14.0;
				MARKETING_VERSION = 1.0;
				PRODUCT_BUNDLE_IDENTIFIER = azamovhudstc.WeatherDemoTests;
				PRODUCT_NAME = "$(TARGET_NAME)";
				SDKROOT = auto;
				SUPPORTED_PLATFORMS = "iphoneos iphonesimulator macosx";
				SWIFT_EMIT_LOC_STRINGS = NO;
				SWIFT_VERSION = 5.0;
				TARGETED_DEVICE_FAMILY = "1,2";
				TEST_HOST = "$(BUILT_PRODUCTS_DIR)/WeatherDemo.app/$(BUNDLE_EXECUTABLE_FOLDER_PATH)/WeatherDemo";
			};
			name = Debug;
		};
		FFC0D2B32B32FA340038F0F6 /* Release */ = {
			isa = XCBuildConfiguration;
			buildSettings = {
				ALWAYS_EMBED_SWIFT_STANDARD_LIBRARIES = YES;
				BUNDLE_LOADER = "$(TEST_HOST)";
				CODE_SIGN_STYLE = Automatic;
				CURRENT_PROJECT_VERSION = 1;
				GENERATE_INFOPLIST_FILE = YES;
				IPHONEOS_DEPLOYMENT_TARGET = 17.0;
				MACOSX_DEPLOYMENT_TARGET = 14.0;
				MARKETING_VERSION = 1.0;
				PRODUCT_BUNDLE_IDENTIFIER = azamovhudstc.WeatherDemoTests;
				PRODUCT_NAME = "$(TARGET_NAME)";
				SDKROOT = auto;
				SUPPORTED_PLATFORMS = "iphoneos iphonesimulator macosx";
				SWIFT_EMIT_LOC_STRINGS = NO;
				SWIFT_VERSION = 5.0;
				TARGETED_DEVICE_FAMILY = "1,2";
				TEST_HOST = "$(BUILT_PRODUCTS_DIR)/WeatherDemo.app/$(BUNDLE_EXECUTABLE_FOLDER_PATH)/WeatherDemo";
			};
			name = Release;
		};
		FFC0D2B52B32FA340038F0F6 /* Debug */ = {
			isa = XCBuildConfiguration;
			buildSettings = {
				ALWAYS_EMBED_SWIFT_STANDARD_LIBRARIES = YES;
				CODE_SIGN_STYLE = Automatic;
				CURRENT_PROJECT_VERSION = 1;
				GENERATE_INFOPLIST_FILE = YES;
				IPHONEOS_DEPLOYMENT_TARGET = 17.0;
				MACOSX_DEPLOYMENT_TARGET = 14.0;
				MARKETING_VERSION = 1.0;
				PRODUCT_BUNDLE_IDENTIFIER = azamovhudstc.WeatherDemoUITests;
				PRODUCT_NAME = "$(TARGET_NAME)";
				SDKROOT = auto;
				SUPPORTED_PLATFORMS = "iphoneos iphonesimulator macosx";
				SWIFT_EMIT_LOC_STRINGS = NO;
				SWIFT_VERSION = 5.0;
				TARGETED_DEVICE_FAMILY = "1,2";
				TEST_TARGET_NAME = WeatherDemo;
			};
			name = Debug;
		};
		FFC0D2B62B32FA340038F0F6 /* Release */ = {
			isa = XCBuildConfiguration;
			buildSettings = {
				ALWAYS_EMBED_SWIFT_STANDARD_LIBRARIES = YES;
				CODE_SIGN_STYLE = Automatic;
				CURRENT_PROJECT_VERSION = 1;
				GENERATE_INFOPLIST_FILE = YES;
				IPHONEOS_DEPLOYMENT_TARGET = 17.0;
				MACOSX_DEPLOYMENT_TARGET = 14.0;
				MARKETING_VERSION = 1.0;
				PRODUCT_BUNDLE_IDENTIFIER = azamovhudstc.WeatherDemoUITests;
				PRODUCT_NAME = "$(TARGET_NAME)";
				SDKROOT = auto;
				SUPPORTED_PLATFORMS = "iphoneos iphonesimulator macosx";
				SWIFT_EMIT_LOC_STRINGS = NO;
				SWIFT_VERSION = 5.0;
				TARGETED_DEVICE_FAMILY = "1,2";
				TEST_TARGET_NAME = WeatherDemo;
			};
			name = Release;
		};
/* End XCBuildConfiguration section */

/* Begin XCConfigurationList section */
		FFC0D2842B32FA330038F0F6 /* Build configuration list for PBXProject "WeatherDemo" */ = {
			isa = XCConfigurationList;
			buildConfigurations = (
				FFC0D2AC2B32FA340038F0F6 /* Debug */,
				FFC0D2AD2B32FA340038F0F6 /* Release */,
			);
			defaultConfigurationIsVisible = 0;
			defaultConfigurationName = Release;
		};
		FFC0D2AE2B32FA340038F0F6 /* Build configuration list for PBXNativeTarget "WeatherDemo" */ = {
			isa = XCConfigurationList;
			buildConfigurations = (
				FFC0D2AF2B32FA340038F0F6 /* Debug */,
				FFC0D2B02B32FA340038F0F6 /* Release */,
			);
			defaultConfigurationIsVisible = 0;
			defaultConfigurationName = Release;
		};
		FFC0D2B12B32FA340038F0F6 /* Build configuration list for PBXNativeTarget "WeatherDemoTests" */ = {
			isa = XCConfigurationList;
			buildConfigurations = (
				FFC0D2B22B32FA340038F0F6 /* Debug */,
				FFC0D2B32B32FA340038F0F6 /* Release */,
			);
			defaultConfigurationIsVisible = 0;
			defaultConfigurationName = Release;
		};
		FFC0D2B42B32FA340038F0F6 /* Build configuration list for PBXNativeTarget "WeatherDemoUITests" */ = {
			isa = XCConfigurationList;
			buildConfigurations = (
				FFC0D2B52B32FA340038F0F6 /* Debug */,
				FFC0D2B62B32FA340038F0F6 /* Release */,
			);
			defaultConfigurationIsVisible = 0;
			defaultConfigurationName = Release;
		};
/* End XCConfigurationList section */
	};
	rootObject = FFC0D2812B32FA330038F0F6 /* Project object */;
}
